
Microsoft Visual Studio Solution File, Format Version 12.00
# Visual Studio Version 17
VisualStudioVersion = 17.3.32825.248
MinimumVisualStudioVersion = 10.0.40219.1
Project("{FAE04EC0-301F-11D3-BF4B-00C04F79EFBC}") = "ConsumoApi", "src\ConsumoApi\ConsumoApi.csproj", "{3A4B787C-FC2E-40E2-A2C8-FE9E822EAD63}"
EndProject
Global
	GlobalSection(SolutionConfigurationPlatforms) = preSolution
		Debug|Any CPU = Debug|Any CPU
		Release|Any CPU = Release|Any CPU
	EndGlobalSection
	GlobalSection(ProjectConfigurationPlatforms) = postSolution
		{3A4B787C-FC2E-40E2-A2C8-FE9E822EAD63}.Debug|Any CPU.ActiveCfg = Debug|Any CPU
		{3A4B787C-FC2E-40E2-A2C8-FE9E822EAD63}.Debug|Any CPU.Build.0 = Debug|Any CPU
		{3A4B787C-FC2E-40E2-A2C8-FE9E822EAD63}.Release|Any CPU.ActiveCfg = Release|Any CPU
		{3A4B787C-FC2E-40E2-A2C8-FE9E822EAD63}.Release|Any CPU.Build.0 = Release|Any CPU
	EndGlobalSection
	GlobalSection(SolutionProperties) = preSolution
		HideSolutionNode = FALSE
	EndGlobalSection
	GlobalSection(ExtensibilityGlobals) = postSolution
		SolutionGuid = {C6201E65-483E-4A77-934B-E77EB9078411}
	EndGlobalSection
EndGlobal
