
Microsoft Visual Studio Solution File, Format Version 12.00
# Visual Studio Version 17
VisualStudioVersion = 17.3.32825.248
MinimumVisualStudioVersion = 10.0.40219.1
Project("{FAE04EC0-301F-11D3-BF4B-00C04F79EFBC}") = "Devs2Blu.ProjetoAula05.Projeto", "src\Devs2Blu.ProjetoAula05.Projeto\Devs2Blu.ProjetoAula05.Projeto.csproj", "{8A9169A1-2B5C-46EA-84EF-318FDF0B1621}"
EndProject
Global
	GlobalSection(SolutionConfigurationPlatforms) = preSolution
		Debug|Any CPU = Debug|Any CPU
		Release|Any CPU = Release|Any CPU
	EndGlobalSection
	GlobalSection(ProjectConfigurationPlatforms) = postSolution
		{8A9169A1-2B5C-46EA-84EF-318FDF0B1621}.Debug|Any CPU.ActiveCfg = Debug|Any CPU
		{8A9169A1-2B5C-46EA-84EF-318FDF0B1621}.Debug|Any CPU.Build.0 = Debug|Any CPU
		{8A9169A1-2B5C-46EA-84EF-318FDF0B1621}.Release|Any CPU.ActiveCfg = Release|Any CPU
		{8A9169A1-2B5C-46EA-84EF-318FDF0B1621}.Release|Any CPU.Build.0 = Release|Any CPU
	EndGlobalSection
	GlobalSection(SolutionProperties) = preSolution
		HideSolutionNode = FALSE
	EndGlobalSection
	GlobalSection(ExtensibilityGlobals) = postSolution
		SolutionGuid = {CF38B7FE-7B83-482D-983D-74D5D404561C}
	EndGlobalSection
EndGlobal
