
Microsoft Visual Studio Solution File, Format Version 12.00
# Visual Studio Version 17
VisualStudioVersion = 17.3.32825.248
MinimumVisualStudioVersion = 10.0.40219.1
Project("{FAE04EC0-301F-11D3-BF4B-00C04F79EFBC}") = "Dev2Blu.ProjetosAula3.ProjetoCondicionais", "src\Dev2Blu.ProjetosAula3.ProjetoCondicionais\Dev2Blu.ProjetosAula3.ProjetoCondicionais.csproj", "{8967CDD6-0194-468C-89C1-1E4AE8951096}"
EndProject
Global
	GlobalSection(SolutionConfigurationPlatforms) = preSolution
		Debug|Any CPU = Debug|Any CPU
		Release|Any CPU = Release|Any CPU
	EndGlobalSection
	GlobalSection(ProjectConfigurationPlatforms) = postSolution
		{8967CDD6-0194-468C-89C1-1E4AE8951096}.Debug|Any CPU.ActiveCfg = Debug|Any CPU
		{8967CDD6-0194-468C-89C1-1E4AE8951096}.Debug|Any CPU.Build.0 = Debug|Any CPU
		{8967CDD6-0194-468C-89C1-1E4AE8951096}.Release|Any CPU.ActiveCfg = Release|Any CPU
		{8967CDD6-0194-468C-89C1-1E4AE8951096}.Release|Any CPU.Build.0 = Release|Any CPU
	EndGlobalSection
	GlobalSection(SolutionProperties) = preSolution
		HideSolutionNode = FALSE
	EndGlobalSection
	GlobalSection(ExtensibilityGlobals) = postSolution
		SolutionGuid = {E251E1DB-6C71-49CB-8CFD-00A0CF8BB76D}
	EndGlobalSection
EndGlobal
