
Microsoft Visual Studio Solution File, Format Version 12.00
# Visual Studio Version 17
VisualStudioVersion = 17.3.32825.248
MinimumVisualStudioVersion = 10.0.40219.1
Project("{FAE04EC0-301F-11D3-BF4B-00C04F79EFBC}") = "Devs2Blu.ProjAula06.Loops", "src\Devs2Blu.ProjAula06.Loops\Devs2Blu.ProjAula06.Loops.csproj", "{BDCF39B6-7F60-4942-97E1-D7CA991895C8}"
EndProject
Global
	GlobalSection(SolutionConfigurationPlatforms) = preSolution
		Debug|Any CPU = Debug|Any CPU
		Release|Any CPU = Release|Any CPU
	EndGlobalSection
	GlobalSection(ProjectConfigurationPlatforms) = postSolution
		{BDCF39B6-7F60-4942-97E1-D7CA991895C8}.Debug|Any CPU.ActiveCfg = Debug|Any CPU
		{BDCF39B6-7F60-4942-97E1-D7CA991895C8}.Debug|Any CPU.Build.0 = Debug|Any CPU
		{BDCF39B6-7F60-4942-97E1-D7CA991895C8}.Release|Any CPU.ActiveCfg = Release|Any CPU
		{BDCF39B6-7F60-4942-97E1-D7CA991895C8}.Release|Any CPU.Build.0 = Release|Any CPU
	EndGlobalSection
	GlobalSection(SolutionProperties) = preSolution
		HideSolutionNode = FALSE
	EndGlobalSection
	GlobalSection(ExtensibilityGlobals) = postSolution
		SolutionGuid = {7904FEC8-2ECC-4068-B285-8D3A26CFC3C8}
	EndGlobalSection
EndGlobal
