
Microsoft Visual Studio Solution File, Format Version 12.00
# Visual Studio Version 17
VisualStudioVersion = 17.3.32825.248
MinimumVisualStudioVersion = 10.0.40219.1
Project("{FAE04EC0-301F-11D3-BF4B-00C04F79EFBC}") = "Devs2Blu.ProjAula03", "Devs2Blu.ProjAula03\Devs2Blu.ProjAula03.csproj", "{FCEC3DD0-127C-4625-8C23-A394858A5A36}"
EndProject
Global
	GlobalSection(SolutionConfigurationPlatforms) = preSolution
		Debug|Any CPU = Debug|Any CPU
		Release|Any CPU = Release|Any CPU
	EndGlobalSection
	GlobalSection(ProjectConfigurationPlatforms) = postSolution
		{FCEC3DD0-127C-4625-8C23-A394858A5A36}.Debug|Any CPU.ActiveCfg = Debug|Any CPU
		{FCEC3DD0-127C-4625-8C23-A394858A5A36}.Debug|Any CPU.Build.0 = Debug|Any CPU
		{FCEC3DD0-127C-4625-8C23-A394858A5A36}.Release|Any CPU.ActiveCfg = Release|Any CPU
		{FCEC3DD0-127C-4625-8C23-A394858A5A36}.Release|Any CPU.Build.0 = Release|Any CPU
	EndGlobalSection
	GlobalSection(SolutionProperties) = preSolution
		HideSolutionNode = FALSE
	EndGlobalSection
	GlobalSection(ExtensibilityGlobals) = postSolution
		SolutionGuid = {78B95F5D-EF28-4C2A-BD2C-848FD81B26DC}
	EndGlobalSection
EndGlobal
